lockfileVersion: '9.0'

settings:
  autoInstallPeers: true
  excludeLinksFromLockfile: false

importers:

  .:
    devDependencies:
      '@swc/core':
        specifier: ^1.10.0
        version: 1.10.18
      '@swc/plugin-formatjs':
        specifier: ^2.2.0
        version: 2.2.0
      '@swc/plugin-noop':
        specifier: ^3.0.0
        version: 3.0.3

packages:

  '@swc/core-darwin-arm64@1.10.18':
    resolution: {integrity: sha512-FdGqzAIKVQJu8ROlnHElP59XAUsUzCFSNsou+tY/9ba+lhu8R9v0OI5wXiPErrKGZpQFMmx/BPqqhx3X4SuGNg==}
    engines: {node: '>=10'}
    cpu: [arm64]
    os: [darwin]

  '@swc/core-darwin-x64@1.10.18':
    resolution: {integrity: sha512-RZ73gZRituL/ZVLgrW6BYnQ5g8tuStG4cLUiPGJsUZpUm0ullSH6lHFvZTCBNFTfpQChG6eEhi2IdG6DwFp1lw==}
    engines: {node: '>=10'}
    cpu: [x64]
    os: [darwin]

  '@swc/core-linux-arm-gnueabihf@1.10.18':
    resolution: {integrity: sha512-8iJqI3EkxJuuq21UHoen1VS+QlS23RvynRuk95K+Q2HBjygetztCGGEc+Xelx9a0uPkDaaAtFvds4JMDqb9SAA==}
    engines: {node: '>=10'}
    cpu: [arm]
    os: [linux]

  '@swc/core-linux-arm64-gnu@1.10.18':
    resolution: {integrity: sha512-8f1kSktWzMB6PG+r8lOlCfXz5E8Qhsmfwonn77T/OfjvGwQaWrcoASh2cdjpk3dydbf8jsKGPQE1lSc7GyjXRQ==}
    engines: {node: '>=10'}
    cpu: [arm64]
    os: [linux]

  '@swc/core-linux-arm64-musl@1.10.18':
    resolution: {integrity: sha512-4rv+E4VLdgQw6zjbTAauCAEExxChvxMpBUMCiZweTNPKbJJ2dY6BX2WGJ1ea8+RcgqR/Xysj3AFbOz1LBz6dGA==}
    engines: {node: '>=10'}
    cpu: [arm64]
    os: [linux]

  '@swc/core-linux-x64-gnu@1.10.18':
    resolution: {integrity: sha512-vTNmyRBVP+sZca+vtwygYPGTNudTU6Gl6XhaZZ7cEUTBr8xvSTgEmYXoK/2uzyXpaTUI4Bmtp1x81cGN0mMoLQ==}
    engines: {node: '>=10'}
    cpu: [x64]
    os: [linux]

  '@swc/core-linux-x64-musl@1.10.18':
    resolution: {integrity: sha512-1TZPReKhFCeX776XaT6wegknfg+g3zODve+r4oslFHI+g7cInfWlxoGNDS3niPKyuafgCdOjme2g3OF+zzxfsQ==}
    engines: {node: '>=10'}
    cpu: [x64]
    os: [linux]

  '@swc/core-win32-arm64-msvc@1.10.18':
    resolution: {integrity: sha512-o/2CsaWSN3bkzVQ6DA+BiFKSVEYvhWGA1h+wnL2zWmIDs2Knag54sOEXZkCaf8YQyZesGeXJtPEy9hh/vjJgkA==}
    engines: {node: '>=10'}
    cpu: [arm64]
    os: [win32]

  '@swc/core-win32-ia32-msvc@1.10.18':
    resolution: {integrity: sha512-eTPASeJtk4mJDfWiYEiOC6OYUi/N7meHbNHcU8e+aKABonhXrIo/FmnTE8vsUtC6+jakT1TQBdiQ8fzJ1kJVwA==}
    engines: {node: '>=10'}
    cpu: [ia32]
    os: [win32]

  '@swc/core-win32-x64-msvc@1.10.18':
    resolution: {integrity: sha512-1Dud8CDBnc34wkBOboFBQud9YlV1bcIQtKSg7zC8LtwR3h+XAaCayZPkpGmmAlCv1DLQPvkF+s0JcaVC9mfffQ==}
    engines: {node: '>=10'}
    cpu: [x64]
    os: [win32]

  '@swc/core@1.10.18':
    resolution: {integrity: sha512-IUWKD6uQYGRy8w2X9EZrtYg1O3SCijlHbCXzMaHQYc1X7yjijQh4H3IVL9ssZZyVp2ZDfQZu4bD5DWxxvpyjvg==}
    engines: {node: '>=10'}
    peerDependencies:
      '@swc/helpers': '*'
    peerDependenciesMeta:
      '@swc/helpers':
        optional: true

  '@swc/counter@0.1.3':
    resolution: {integrity: sha512-e2BR4lsJkkRlKZ/qCHPw9ZaSxc0MVUd7gtbtaB7aMvHeJVYe8sOB8DBZkP2DtISHGSku9sCK6T6cnY0CtXrOCQ==}

  '@swc/plugin-formatjs@2.2.0':
    resolution: {integrity: sha512-QqcJFScaf7RTxpMHmgNeecZCth5RYVNQHz2u5JG9RLQjFY9AXRfM4GT5tG0gvQr65EgIsx1v2mxlDL9+5BneIA==}

  '@swc/plugin-noop@3.0.3':
    resolution: {integrity: sha512-A3bAxa3Q0lyQ0sXzNlomSTQ94dWfX9Gmm+Ow2Uawu5FTX5CyZi0hgzfvJqdWFe0pAmJvMQ36UqHId86vt4hBkA==}

  '@swc/types@0.1.17':
    resolution: {integrity: sha512-V5gRru+aD8YVyCOMAjMpWR1Ui577DD5KSJsHP8RAxopAH22jFz6GZd/qxqjO6MJHQhcsjvjOFXyDhyLQUnMveQ==}

snapshots:

  '@swc/core-darwin-arm64@1.10.18':
    optional: true

  '@swc/core-darwin-x64@1.10.18':
    optional: true

  '@swc/core-linux-arm-gnueabihf@1.10.18':
    optional: true

  '@swc/core-linux-arm64-gnu@1.10.18':
    optional: true

  '@swc/core-linux-arm64-musl@1.10.18':
    optional: true

  '@swc/core-linux-x64-gnu@1.10.18':
    optional: true

  '@swc/core-linux-x64-musl@1.10.18':
    optional: true

  '@swc/core-win32-arm64-msvc@1.10.18':
    optional: true

  '@swc/core-win32-ia32-msvc@1.10.18':
    optional: true

  '@swc/core-win32-x64-msvc@1.10.18':
    optional: true

  '@swc/core@1.10.18':
    dependencies:
      '@swc/counter': 0.1.3
      '@swc/types': 0.1.17
    optionalDependencies:
      '@swc/core-darwin-arm64': 1.10.18
      '@swc/core-darwin-x64': 1.10.18
      '@swc/core-linux-arm-gnueabihf': 1.10.18
      '@swc/core-linux-arm64-gnu': 1.10.18
      '@swc/core-linux-arm64-musl': 1.10.18
      '@swc/core-linux-x64-gnu': 1.10.18
      '@swc/core-linux-x64-musl': 1.10.18
      '@swc/core-win32-arm64-msvc': 1.10.18
      '@swc/core-win32-ia32-msvc': 1.10.18
      '@swc/core-win32-x64-msvc': 1.10.18

  '@swc/counter@0.1.3': {}

  '@swc/plugin-formatjs@2.2.0':
    dependencies:
      '@swc/counter': 0.1.3

  '@swc/plugin-noop@3.0.3':
    dependencies:
      '@swc/counter': 0.1.3

  '@swc/types@0.1.17':
    dependencies:
      '@swc/counter': 0.1.3
